// !$*UTF8*$!
{
	archiveVersion = 1;
	classes = {
	};
	objectVersion = 46;
	objects = {

/* Begin PBXBuildFile section */
		0D4213B81A64D6EA003F7F01 /* CoreMotion.framework in Frameworks */ = {isa = PBXBuildFile; fileRef = 0D4213B71A64D6EA003F7F01 /* CoreMotion.framework */; };
		182E36001A73A7AB00FA4378 /* ProductTableViewCell.m in Sources */ = {isa = PBXBuildFile; fileRef = 182E35FF1A73A7AB00FA4378 /* ProductTableViewCell.m */; };
		1837DAF91A64F65E00C48A51 /* Parse.framework in Frameworks */ = {isa = PBXBuildFile; fileRef = 1837DAF41A64F65E00C48A51 /* Parse.framework */; };
		1837DAFA1A64F65E00C48A51 /* ParseCrashReporting.framework in Frameworks */ = {isa = PBXBuildFile; fileRef = 1837DAF51A64F65E00C48A51 /* ParseCrashReporting.framework */; };
		1837DAFB1A64F65E00C48A51 /* ParseFacebookUtils.framework in Frameworks */ = {isa = PBXBuildFile; fileRef = 1837DAF61A64F65E00C48A51 /* ParseFacebookUtils.framework */; };
		183DDC6A1A644C460085F53C /* FacebookSDK.framework in Frameworks */ = {isa = PBXBuildFile; fileRef = 183DDC691A644C460085F53C /* FacebookSDK.framework */; };
		184962A61A6657B30054AFFE /* ProductListViewController.m in Sources */ = {isa = PBXBuildFile; fileRef = 184962A51A6657B30054AFFE /* ProductListViewController.m */; };
		185F4B411A677D84002D1D1A /* AddressBook.framework in Frameworks */ = {isa = PBXBuildFile; fileRef = 185F4B401A677D84002D1D1A /* AddressBook.framework */; };
		185F4B431A677D8B002D1D1A /* AssetsLibrary.framework in Frameworks */ = {isa = PBXBuildFile; fileRef = 185F4B421A677D8B002D1D1A /* AssetsLibrary.framework */; };
		185F4B451A677D94002D1D1A /* Foundation.framework in Frameworks */ = {isa = PBXBuildFile; fileRef = 185F4B441A677D94002D1D1A /* Foundation.framework */; };
		185F4B4B1A677DB4002D1D1A /* CoreGraphics.framework in Frameworks */ = {isa = PBXBuildFile; fileRef = 185F4B471A677DB4002D1D1A /* CoreGraphics.framework */; };
		185F4B4C1A677DB4002D1D1A /* CoreLocation.framework in Frameworks */ = {isa = PBXBuildFile; fileRef = 185F4B481A677DB4002D1D1A /* CoreLocation.framework */; };
		185F4B4D1A677DB4002D1D1A /* CoreText.framework in Frameworks */ = {isa = PBXBuildFile; fileRef = 185F4B491A677DB4002D1D1A /* CoreText.framework */; };
		185F4B4F1A677DE3002D1D1A /* MediaPlayer.framework in Frameworks */ = {isa = PBXBuildFile; fileRef = 185F4B4E1A677DE3002D1D1A /* MediaPlayer.framework */; };
		185F4B511A677E2E002D1D1A /* UIKit.framework in Frameworks */ = {isa = PBXBuildFile; fileRef = 185F4B501A677E2E002D1D1A /* UIKit.framework */; };
		185FDE091A73F7AD00A452CE /* Product.m in Sources */ = {isa = PBXBuildFile; fileRef = 185FDE081A73F7AD00A452CE /* Product.m */; };
		1864BF0B1A4B1EA300EF5DD7 /* main.m in Sources */ = {isa = PBXBuildFile; fileRef = 1864BF0A1A4B1EA300EF5DD7 /* main.m */; };
		1864BF0E1A4B1EA300EF5DD7 /* AppDelegate.m in Sources */ = {isa = PBXBuildFile; fileRef = 1864BF0D1A4B1EA300EF5DD7 /* AppDelegate.m */; };
		1864BF111A4B1EA300EF5DD7 /* HomeViewController.m in Sources */ = {isa = PBXBuildFile; fileRef = 1864BF101A4B1EA300EF5DD7 /* HomeViewController.m */; };
		1864BF141A4B1EA300EF5DD7 /* Main.storyboard in Resources */ = {isa = PBXBuildFile; fileRef = 1864BF121A4B1EA300EF5DD7 /* Main.storyboard */; };
		1864BF161A4B1EA300EF5DD7 /* Images.xcassets in Resources */ = {isa = PBXBuildFile; fileRef = 1864BF151A4B1EA300EF5DD7 /* Images.xcassets */; };
		1864BF191A4B1EA300EF5DD7 /* LaunchScreen.xib in Resources */ = {isa = PBXBuildFile; fileRef = 1864BF171A4B1EA300EF5DD7 /* LaunchScreen.xib */; };
		1864BF251A4B1EA300EF5DD7 /* Gopher_CnYSTests.m in Sources */ = {isa = PBXBuildFile; fileRef = 1864BF241A4B1EA300EF5DD7 /* Gopher_CnYSTests.m */; };
		18801F1D1A6A295F006D956B /* StoreKit.framework in Frameworks */ = {isa = PBXBuildFile; fileRef = 18801F1C1A6A295F006D956B /* StoreKit.framework */; };
		18801F251A6A57B7006D956B /* GooglePlus.framework in Frameworks */ = {isa = PBXBuildFile; fileRef = 18801F241A6A57B7006D956B /* GooglePlus.framework */; };
		18801F261A6A57B7006D956B /* GooglePlus.framework in Frameworks */ = {isa = PBXBuildFile; fileRef = 18801F241A6A57B7006D956B /* GooglePlus.framework */; };
		18801F281A6A57C4006D956B /* GoogleOpenSource.framework in Frameworks */ = {isa = PBXBuildFile; fileRef = 18801F271A6A57C4006D956B /* GoogleOpenSource.framework */; };
		18801F291A6A57C4006D956B /* GoogleOpenSource.framework in Frameworks */ = {isa = PBXBuildFile; fileRef = 18801F271A6A57C4006D956B /* GoogleOpenSource.framework */; };
		18801F2B1A6A57CE006D956B /* GooglePlus.bundle in Resources */ = {isa = PBXBuildFile; fileRef = 18801F2A1A6A57CE006D956B /* GooglePlus.bundle */; };
		18801F2C1A6A57CE006D956B /* GooglePlus.bundle in Resources */ = {isa = PBXBuildFile; fileRef = 18801F2A1A6A57CE006D956B /* GooglePlus.bundle */; };
		18A6B7BF1A6564B30043E08A /* Accounts.framework in Frameworks */ = {isa = PBXBuildFile; fileRef = 1837DB051A650DEE00C48A51 /* Accounts.framework */; };
		18A6B7C01A6564B90043E08A /* AdSupport.framework in Frameworks */ = {isa = PBXBuildFile; fileRef = 1837DB031A650DE500C48A51 /* AdSupport.framework */; };
		18A6B7C11A6564CC0043E08A /* libsqlite3.dylib in Frameworks */ = {isa = PBXBuildFile; fileRef = 1837DB011A650DDD00C48A51 /* libsqlite3.dylib */; };
		18A6B7C21A6564F60043E08A /* Security.framework in Frameworks */ = {isa = PBXBuildFile; fileRef = 1837DAFF1A650DC000C48A51 /* Security.framework */; };
		18A6B7C31A6565000043E08A /* Social.framework in Frameworks */ = {isa = PBXBuildFile; fileRef = 1837DAFD1A650DAE00C48A51 /* Social.framework */; };
		18A6B7C51A6565EC0043E08A /* AudioToolbox.framework in Frameworks */ = {isa = PBXBuildFile; fileRef = 18A6B7C41A6565EC0043E08A /* AudioToolbox.framework */; };
		18A6B7C71A6566530043E08A /* SystemConfiguration.framework in Frameworks */ = {isa = PBXBuildFile; fileRef = 18A6B7C61A6566530043E08A /* SystemConfiguration.framework */; };
		18A6B7C91A6566BC0043E08A /* MobileCoreServices.framework in Frameworks */ = {isa = PBXBuildFile; fileRef = 18A6B7C81A6566BC0043E08A /* MobileCoreServices.framework */; };
		18A6B7CC1A657F420043E08A /* CreateAccountViewController.m in Sources */ = {isa = PBXBuildFile; fileRef = 18A6B7CB1A657F420043E08A /* CreateAccountViewController.m */; };
		18BA5C581A736180002EBF83 /* ProductTableViewCell.xib in Resources */ = {isa = PBXBuildFile; fileRef = 18BA5C571A736180002EBF83 /* ProductTableViewCell.xib */; };
		AB519E3B1AC31E70008543B1 /* FPCarouselNonXIBViewController.m in Sources */ = {isa = PBXBuildFile; fileRef = AB519E3A1AC31E70008543B1 /* FPCarouselNonXIBViewController.m */; };
		AB6E34AE1ABC69D900867CA3 /* RECommonFunctions.m in Sources */ = {isa = PBXBuildFile; fileRef = AB6E34A91ABC69D900867CA3 /* RECommonFunctions.m */; };
		AB6E34AF1ABC69D900867CA3 /* RESideMenu.m in Sources */ = {isa = PBXBuildFile; fileRef = AB6E34AB1ABC69D900867CA3 /* RESideMenu.m */; };
		AB6E34B01ABC69D900867CA3 /* UIViewController+RESideMenu.m in Sources */ = {isa = PBXBuildFile; fileRef = AB6E34AD1ABC69D900867CA3 /* UIViewController+RESideMenu.m */; };
		AB6E34BD1ABC6A9A00867CA3 /* LeftMenuViewController.m in Sources */ = {isa = PBXBuildFile; fileRef = AB6E34B51ABC6A9A00867CA3 /* LeftMenuViewController.m */; };
		AB6E34BE1ABC6A9A00867CA3 /* RightMenuViewController.m in Sources */ = {isa = PBXBuildFile; fileRef = AB6E34B71ABC6A9A00867CA3 /* RightMenuViewController.m */; };
		AB6E34BF1ABC6A9A00867CA3 /* RootViewController.m in Sources */ = {isa = PBXBuildFile; fileRef = AB6E34B91ABC6A9A00867CA3 /* RootViewController.m */; };
		AB6E34C01ABC6A9A00867CA3 /* MessagesViewController.m in Sources */ = {isa = PBXBuildFile; fileRef = AB6E34BB1ABC6A9A00867CA3 /* MessagesViewController.m */; };
		AB72F3391AB734D6003900E9 /* ProductDetailViewController.m in Sources */ = {isa = PBXBuildFile; fileRef = AB72F3381AB734D6003900E9 /* ProductDetailViewController.m */; };
		AB7CB4CB1AB1F0A20017E183 /* ProductHeaderView.m in Sources */ = {isa = PBXBuildFile; fileRef = AB7CB4C91AB1F0A20017E183 /* ProductHeaderView.m */; };
		AB7CB4CC1AB1F0A20017E183 /* ProductHeaderView.xib in Resources */ = {isa = PBXBuildFile; fileRef = AB7CB4CA1AB1F0A20017E183 /* ProductHeaderView.xib */; };
		AB8B70A11ABB388B0028DC47 /* MBProgressHUD.m in Sources */ = {isa = PBXBuildFile; fileRef = AB8B709F1ABB388B0028DC47 /* MBProgressHUD.m */; };
		ABA4F0CF1AC46F9E008915F7 /* SBPickerSelector.xib in Resources */ = {isa = PBXBuildFile; fileRef = ABA4F0CB1AC46F9E008915F7 /* SBPickerSelector.xib */; };
		ABA4F0D01AC46F9E008915F7 /* SBPickerSelector.m in Sources */ = {isa = PBXBuildFile; fileRef = ABA4F0CE1AC46F9E008915F7 /* SBPickerSelector.m */; };
		ABA4F0D51AC4711E008915F7 /* CountryPicker.bundle in Resources */ = {isa = PBXBuildFile; fileRef = ABA4F0D21AC4711E008915F7 /* CountryPicker.bundle */; };
		ABA4F0D61AC4711E008915F7 /* CountryPicker.m in Sources */ = {isa = PBXBuildFile; fileRef = ABA4F0D41AC4711E008915F7 /* CountryPicker.m */; };
		ABEC4DB91ABD6719000CF27C /* AboutViewController.m in Sources */ = {isa = PBXBuildFile; fileRef = ABEC4DB81ABD6719000CF27C /* AboutViewController.m */; };
		ABEC4DBC1ABD6898000CF27C /* ProfileViewController.m in Sources */ = {isa = PBXBuildFile; fileRef = ABEC4DBB1ABD6898000CF27C /* ProfileViewController.m */; };
		ABEC4DBF1ABD6A12000CF27C /* BaseViewController.m in Sources */ = {isa = PBXBuildFile; fileRef = ABEC4DBE1ABD6A12000CF27C /* BaseViewController.m */; };
		ABEC4DC41ABD801B000CF27C /* SellViewController.m in Sources */ = {isa = PBXBuildFile; fileRef = ABEC4DC31ABD801B000CF27C /* SellViewController.m */; };
		ABEC4DCA1ABD8188000CF27C /* BorderTextField.m in Sources */ = {isa = PBXBuildFile; fileRef = ABEC4DC91ABD8188000CF27C /* BorderTextField.m */; };
/* End PBXBuildFile section */

/* Begin PBXContainerItemProxy section */
		1864BF1F1A4B1EA300EF5DD7 /* PBXContainerItemProxy */ = {
			isa = PBXContainerItemProxy;
			containerPortal = 1864BEFD1A4B1EA200EF5DD7 /* Project object */;
			proxyType = 1;
			remoteGlobalIDString = 1864BF041A4B1EA200EF5DD7;
			remoteInfo = "Gopher CnYS";
		};
/* End PBXContainerItemProxy section */

/* Begin PBXFileReference section */
		0D4213B71A64D6EA003F7F01 /* CoreMotion.framework */ = {isa = PBXFileReference; lastKnownFileType = wrapper.framework; name = CoreMotion.framework; path = System/Library/Frameworks/CoreMotion.framework; sourceTree = SDKROOT; };
		182E35FE1A73A7AB00FA4378 /* ProductTableViewCell.h */ = {isa = PBXFileReference; fileEncoding = 4; lastKnownFileType = sourcecode.c.h; path = ProductTableViewCell.h; sourceTree = "<group>"; };
		182E35FF1A73A7AB00FA4378 /* ProductTableViewCell.m */ = {isa = PBXFileReference; fileEncoding = 4; lastKnownFileType = sourcecode.c.objc; path = ProductTableViewCell.m; sourceTree = "<group>"; };
		1837DAF31A64F65E00C48A51 /* Bolts.framework */ = {isa = PBXFileReference; lastKnownFileType = wrapper.framework; path = Bolts.framework; sourceTree = "<group>"; };
		1837DAF41A64F65E00C48A51 /* Parse.framework */ = {isa = PBXFileReference; lastKnownFileType = wrapper.framework; path = Parse.framework; sourceTree = "<group>"; };
		1837DAF51A64F65E00C48A51 /* ParseCrashReporting.framework */ = {isa = PBXFileReference; lastKnownFileType = wrapper.framework; path = ParseCrashReporting.framework; sourceTree = "<group>"; };
		1837DAF61A64F65E00C48A51 /* ParseFacebookUtils.framework */ = {isa = PBXFileReference; lastKnownFileType = wrapper.framework; path = ParseFacebookUtils.framework; sourceTree = "<group>"; };
		1837DAF71A64F65E00C48A51 /* ParseUI.framework */ = {isa = PBXFileReference; lastKnownFileType = wrapper.framework; path = ParseUI.framework; sourceTree = "<group>"; };
		1837DAFD1A650DAE00C48A51 /* Social.framework */ = {isa = PBXFileReference; lastKnownFileType = wrapper.framework; name = Social.framework; path = System/Library/Frameworks/Social.framework; sourceTree = SDKROOT; };
		1837DAFF1A650DC000C48A51 /* Security.framework */ = {isa = PBXFileReference; lastKnownFileType = wrapper.framework; name = Security.framework; path = System/Library/Frameworks/Security.framework; sourceTree = SDKROOT; };
		1837DB011A650DDD00C48A51 /* libsqlite3.dylib */ = {isa = PBXFileReference; lastKnownFileType = "compiled.mach-o.dylib"; name = libsqlite3.dylib; path = usr/lib/libsqlite3.dylib; sourceTree = SDKROOT; };
		1837DB031A650DE500C48A51 /* AdSupport.framework */ = {isa = PBXFileReference; lastKnownFileType = wrapper.framework; name = AdSupport.framework; path = System/Library/Frameworks/AdSupport.framework; sourceTree = SDKROOT; };
		1837DB051A650DEE00C48A51 /* Accounts.framework */ = {isa = PBXFileReference; lastKnownFileType = wrapper.framework; name = Accounts.framework; path = System/Library/Frameworks/Accounts.framework; sourceTree = SDKROOT; };
		183DDC691A644C460085F53C /* FacebookSDK.framework */ = {isa = PBXFileReference; lastKnownFileType = wrapper.framework; path = FacebookSDK.framework; sourceTree = "<group>"; };
		184962A41A6657B30054AFFE /* ProductListViewController.h */ = {isa = PBXFileReference; fileEncoding = 4; lastKnownFileType = sourcecode.c.h; path = ProductListViewController.h; sourceTree = "<group>"; };
		184962A51A6657B30054AFFE /* ProductListViewController.m */ = {isa = PBXFileReference; fileEncoding = 4; lastKnownFileType = sourcecode.c.objc; path = ProductListViewController.m; sourceTree = "<group>"; };
		185F4B401A677D84002D1D1A /* AddressBook.framework */ = {isa = PBXFileReference; lastKnownFileType = wrapper.framework; name = AddressBook.framework; path = System/Library/Frameworks/AddressBook.framework; sourceTree = SDKROOT; };
		185F4B421A677D8B002D1D1A /* AssetsLibrary.framework */ = {isa = PBXFileReference; lastKnownFileType = wrapper.framework; name = AssetsLibrary.framework; path = System/Library/Frameworks/AssetsLibrary.framework; sourceTree = SDKROOT; };
		185F4B441A677D94002D1D1A /* Foundation.framework */ = {isa = PBXFileReference; lastKnownFileType = wrapper.framework; name = Foundation.framework; path = System/Library/Frameworks/Foundation.framework; sourceTree = SDKROOT; };
		185F4B461A677DB4002D1D1A /* CoreFoundation.framework */ = {isa = PBXFileReference; lastKnownFileType = wrapper.framework; name = CoreFoundation.framework; path = System/Library/Frameworks/CoreFoundation.framework; sourceTree = SDKROOT; };
		185F4B471A677DB4002D1D1A /* CoreGraphics.framework */ = {isa = PBXFileReference; lastKnownFileType = wrapper.framework; name = CoreGraphics.framework; path = System/Library/Frameworks/CoreGraphics.framework; sourceTree = SDKROOT; };
		185F4B481A677DB4002D1D1A /* CoreLocation.framework */ = {isa = PBXFileReference; lastKnownFileType = wrapper.framework; name = CoreLocation.framework; path = System/Library/Frameworks/CoreLocation.framework; sourceTree = SDKROOT; };
		185F4B491A677DB4002D1D1A /* CoreText.framework */ = {isa = PBXFileReference; lastKnownFileType = wrapper.framework; name = CoreText.framework; path = System/Library/Frameworks/CoreText.framework; sourceTree = SDKROOT; };
		185F4B4E1A677DE3002D1D1A /* MediaPlayer.framework */ = {isa = PBXFileReference; lastKnownFileType = wrapper.framework; name = MediaPlayer.framework; path = System/Library/Frameworks/MediaPlayer.framework; sourceTree = SDKROOT; };
		185F4B501A677E2E002D1D1A /* UIKit.framework */ = {isa = PBXFileReference; lastKnownFileType = wrapper.framework; name = UIKit.framework; path = System/Library/Frameworks/UIKit.framework; sourceTree = SDKROOT; };
		185FDE071A73F7AD00A452CE /* Product.h */ = {isa = PBXFileReference; fileEncoding = 4; lastKnownFileType = sourcecode.c.h; path = Product.h; sourceTree = "<group>"; };
		185FDE081A73F7AD00A452CE /* Product.m */ = {isa = PBXFileReference; fileEncoding = 4; lastKnownFileType = sourcecode.c.objc; path = Product.m; sourceTree = "<group>"; };
		1864BF051A4B1EA200EF5DD7 /* GopherCNYS.app */ = {isa = PBXFileReference; explicitFileType = wrapper.application; includeInIndex = 0; path = GopherCNYS.app; sourceTree = BUILT_PRODUCTS_DIR; };
		1864BF091A4B1EA300EF5DD7 /* Info.plist */ = {isa = PBXFileReference; lastKnownFileType = text.plist.xml; path = Info.plist; sourceTree = "<group>"; };
		1864BF0A1A4B1EA300EF5DD7 /* main.m */ = {isa = PBXFileReference; lastKnownFileType = sourcecode.c.objc; path = main.m; sourceTree = "<group>"; };
		1864BF0C1A4B1EA300EF5DD7 /* AppDelegate.h */ = {isa = PBXFileReference; lastKnownFileType = sourcecode.c.h; path = AppDelegate.h; sourceTree = "<group>"; };
		1864BF0D1A4B1EA300EF5DD7 /* AppDelegate.m */ = {isa = PBXFileReference; lastKnownFileType = sourcecode.c.objc; path = AppDelegate.m; sourceTree = "<group>"; };
		1864BF0F1A4B1EA300EF5DD7 /* HomeViewController.h */ = {isa = PBXFileReference; lastKnownFileType = sourcecode.c.h; path = HomeViewController.h; sourceTree = "<group>"; };
		1864BF101A4B1EA300EF5DD7 /* HomeViewController.m */ = {isa = PBXFileReference; lastKnownFileType = sourcecode.c.objc; path = HomeViewController.m; sourceTree = "<group>"; };
		1864BF131A4B1EA300EF5DD7 /* Base */ = {isa = PBXFileReference; lastKnownFileType = file.storyboard; name = Base; path = Base.lproj/Main.storyboard; sourceTree = "<group>"; };
		1864BF151A4B1EA300EF5DD7 /* Images.xcassets */ = {isa = PBXFileReference; lastKnownFileType = folder.assetcatalog; path = Images.xcassets; sourceTree = "<group>"; };
		1864BF181A4B1EA300EF5DD7 /* Base */ = {isa = PBXFileReference; lastKnownFileType = file.xib; name = Base; path = Base.lproj/LaunchScreen.xib; sourceTree = "<group>"; };
		1864BF1E1A4B1EA300EF5DD7 /* GopherCNYSTests.xctest */ = {isa = PBXFileReference; explicitFileType = wrapper.cfbundle; includeInIndex = 0; path = GopherCNYSTests.xctest; sourceTree = BUILT_PRODUCTS_DIR; };
		1864BF231A4B1EA300EF5DD7 /* Info.plist */ = {isa = PBXFileReference; lastKnownFileType = text.plist.xml; path = Info.plist; sourceTree = "<group>"; };
		1864BF241A4B1EA300EF5DD7 /* Gopher_CnYSTests.m */ = {isa = PBXFileReference; lastKnownFileType = sourcecode.c.objc; path = Gopher_CnYSTests.m; sourceTree = "<group>"; };
		18801F1C1A6A295F006D956B /* StoreKit.framework */ = {isa = PBXFileReference; lastKnownFileType = wrapper.framework; name = StoreKit.framework; path = System/Library/Frameworks/StoreKit.framework; sourceTree = SDKROOT; };
		18801F241A6A57B7006D956B /* GooglePlus.framework */ = {isa = PBXFileReference; lastKnownFileType = wrapper.framework; path = GooglePlus.framework; sourceTree = "<group>"; };
		18801F271A6A57C4006D956B /* GoogleOpenSource.framework */ = {isa = PBXFileReference; lastKnownFileType = wrapper.framework; path = GoogleOpenSource.framework; sourceTree = "<group>"; };
		18801F2A1A6A57CE006D956B /* GooglePlus.bundle */ = {isa = PBXFileReference; lastKnownFileType = "wrapper.plug-in"; path = GooglePlus.bundle; sourceTree = "<group>"; };
		18A6B7C41A6565EC0043E08A /* AudioToolbox.framework */ = {isa = PBXFileReference; lastKnownFileType = wrapper.framework; name = AudioToolbox.framework; path = System/Library/Frameworks/AudioToolbox.framework; sourceTree = SDKROOT; };
		18A6B7C61A6566530043E08A /* SystemConfiguration.framework */ = {isa = PBXFileReference; lastKnownFileType = wrapper.framework; name = SystemConfiguration.framework; path = System/Library/Frameworks/SystemConfiguration.framework; sourceTree = SDKROOT; };
		18A6B7C81A6566BC0043E08A /* MobileCoreServices.framework */ = {isa = PBXFileReference; lastKnownFileType = wrapper.framework; name = MobileCoreServices.framework; path = System/Library/Frameworks/MobileCoreServices.framework; sourceTree = SDKROOT; };
		18A6B7CA1A657F420043E08A /* CreateAccountViewController.h */ = {isa = PBXFileReference; fileEncoding = 4; lastKnownFileType = sourcecode.c.h; path = CreateAccountViewController.h; sourceTree = "<group>"; };
		18A6B7CB1A657F420043E08A /* CreateAccountViewController.m */ = {isa = PBXFileReference; fileEncoding = 4; lastKnownFileType = sourcecode.c.objc; path = CreateAccountViewController.m; sourceTree = "<group>"; };
		18BA5C571A736180002EBF83 /* ProductTableViewCell.xib */ = {isa = PBXFileReference; fileEncoding = 4; lastKnownFileType = file.xib; path = ProductTableViewCell.xib; sourceTree = "<group>"; };
		AB519E391AC31E70008543B1 /* FPCarouselNonXIBViewController.h */ = {isa = PBXFileReference; fileEncoding = 4; lastKnownFileType = sourcecode.c.h; path = FPCarouselNonXIBViewController.h; sourceTree = "<group>"; };
		AB519E3A1AC31E70008543B1 /* FPCarouselNonXIBViewController.m */ = {isa = PBXFileReference; fileEncoding = 4; lastKnownFileType = sourcecode.c.objc; path = FPCarouselNonXIBViewController.m; sourceTree = "<group>"; };
		AB6E34A81ABC69D900867CA3 /* RECommonFunctions.h */ = {isa = PBXFileReference; fileEncoding = 4; lastKnownFileType = sourcecode.c.h; path = RECommonFunctions.h; sourceTree = "<group>"; };
		AB6E34A91ABC69D900867CA3 /* RECommonFunctions.m */ = {isa = PBXFileReference; fileEncoding = 4; lastKnownFileType = sourcecode.c.objc; path = RECommonFunctions.m; sourceTree = "<group>"; };
		AB6E34AA1ABC69D900867CA3 /* RESideMenu.h */ = {isa = PBXFileReference; fileEncoding = 4; lastKnownFileType = sourcecode.c.h; path = RESideMenu.h; sourceTree = "<group>"; };
		AB6E34AB1ABC69D900867CA3 /* RESideMenu.m */ = {isa = PBXFileReference; fileEncoding = 4; lastKnownFileType = sourcecode.c.objc; path = RESideMenu.m; sourceTree = "<group>"; };
		AB6E34AC1ABC69D900867CA3 /* UIViewController+RESideMenu.h */ = {isa = PBXFileReference; fileEncoding = 4; lastKnownFileType = sourcecode.c.h; path = "UIViewController+RESideMenu.h"; sourceTree = "<group>"; };
		AB6E34AD1ABC69D900867CA3 /* UIViewController+RESideMenu.m */ = {isa = PBXFileReference; fileEncoding = 4; lastKnownFileType = sourcecode.c.objc; path = "UIViewController+RESideMenu.m"; sourceTree = "<group>"; };
		AB6E34B41ABC6A9A00867CA3 /* LeftMenuViewController.h */ = {isa = PBXFileReference; fileEncoding = 4; lastKnownFileType = sourcecode.c.h; path = LeftMenuViewController.h; sourceTree = "<group>"; };
		AB6E34B51ABC6A9A00867CA3 /* LeftMenuViewController.m */ = {isa = PBXFileReference; fileEncoding = 4; lastKnownFileType = sourcecode.c.objc; path = LeftMenuViewController.m; sourceTree = "<group>"; };
		AB6E34B61ABC6A9A00867CA3 /* RightMenuViewController.h */ = {isa = PBXFileReference; fileEncoding = 4; lastKnownFileType = sourcecode.c.h; path = RightMenuViewController.h; sourceTree = "<group>"; };
		AB6E34B71ABC6A9A00867CA3 /* RightMenuViewController.m */ = {isa = PBXFileReference; fileEncoding = 4; lastKnownFileType = sourcecode.c.objc; path = RightMenuViewController.m; sourceTree = "<group>"; };
		AB6E34B81ABC6A9A00867CA3 /* RootViewController.h */ = {isa = PBXFileReference; fileEncoding = 4; lastKnownFileType = sourcecode.c.h; path = RootViewController.h; sourceTree = "<group>"; };
		AB6E34B91ABC6A9A00867CA3 /* RootViewController.m */ = {isa = PBXFileReference; fileEncoding = 4; lastKnownFileType = sourcecode.c.objc; path = RootViewController.m; sourceTree = "<group>"; };
		AB6E34BA1ABC6A9A00867CA3 /* MessagesViewController.h */ = {isa = PBXFileReference; fileEncoding = 4; lastKnownFileType = sourcecode.c.h; path = MessagesViewController.h; sourceTree = "<group>"; };
		AB6E34BB1ABC6A9A00867CA3 /* MessagesViewController.m */ = {isa = PBXFileReference; fileEncoding = 4; lastKnownFileType = sourcecode.c.objc; path = MessagesViewController.m; sourceTree = "<group>"; };
		AB72F3371AB734D6003900E9 /* ProductDetailViewController.h */ = {isa = PBXFileReference; fileEncoding = 4; lastKnownFileType = sourcecode.c.h; path = ProductDetailViewController.h; sourceTree = "<group>"; };
		AB72F3381AB734D6003900E9 /* ProductDetailViewController.m */ = {isa = PBXFileReference; fileEncoding = 4; lastKnownFileType = sourcecode.c.objc; path = ProductDetailViewController.m; sourceTree = "<group>"; };
		AB7CB4C81AB1F0A20017E183 /* ProductHeaderView.h */ = {isa = PBXFileReference; fileEncoding = 4; lastKnownFileType = sourcecode.c.h; path = ProductHeaderView.h; sourceTree = "<group>"; };
		AB7CB4C91AB1F0A20017E183 /* ProductHeaderView.m */ = {isa = PBXFileReference; fileEncoding = 4; lastKnownFileType = sourcecode.c.objc; path = ProductHeaderView.m; sourceTree = "<group>"; };
		AB7CB4CA1AB1F0A20017E183 /* ProductHeaderView.xib */ = {isa = PBXFileReference; fileEncoding = 4; lastKnownFileType = file.xib; path = ProductHeaderView.xib; sourceTree = "<group>"; };
		AB8B709E1ABB388B0028DC47 /* MBProgressHUD.h */ = {isa = PBXFileReference; fileEncoding = 4; lastKnownFileType = sourcecode.c.h; path = MBProgressHUD.h; sourceTree = "<group>"; };
		AB8B709F1ABB388B0028DC47 /* MBProgressHUD.m */ = {isa = PBXFileReference; fileEncoding = 4; lastKnownFileType = sourcecode.c.objc; path = MBProgressHUD.m; sourceTree = "<group>"; };
		ABA4F0CB1AC46F9E008915F7 /* SBPickerSelector.xib */ = {isa = PBXFileReference; fileEncoding = 4; lastKnownFileType = file.xib; path = SBPickerSelector.xib; sourceTree = "<group>"; };
		ABA4F0CD1AC46F9E008915F7 /* SBPickerSelector.h */ = {isa = PBXFileReference; fileEncoding = 4; lastKnownFileType = sourcecode.c.h; path = SBPickerSelector.h; sourceTree = "<group>"; };
		ABA4F0CE1AC46F9E008915F7 /* SBPickerSelector.m */ = {isa = PBXFileReference; fileEncoding = 4; lastKnownFileType = sourcecode.c.objc; path = SBPickerSelector.m; sourceTree = "<group>"; };
		ABA4F0D21AC4711E008915F7 /* CountryPicker.bundle */ = {isa = PBXFileReference; lastKnownFileType = "wrapper.plug-in"; path = CountryPicker.bundle; sourceTree = "<group>"; };
		ABA4F0D31AC4711E008915F7 /* CountryPicker.h */ = {isa = PBXFileReference; fileEncoding = 4; lastKnownFileType = sourcecode.c.h; path = CountryPicker.h; sourceTree = "<group>"; };
		ABA4F0D41AC4711E008915F7 /* CountryPicker.m */ = {isa = PBXFileReference; fileEncoding = 4; lastKnownFileType = sourcecode.c.objc; path = CountryPicker.m; sourceTree = "<group>"; };
		ABEC4DB71ABD6719000CF27C /* AboutViewController.h */ = {isa = PBXFileReference; fileEncoding = 4; lastKnownFileType = sourcecode.c.h; path = AboutViewController.h; sourceTree = "<group>"; };
		ABEC4DB81ABD6719000CF27C /* AboutViewController.m */ = {isa = PBXFileReference; fileEncoding = 4; lastKnownFileType = sourcecode.c.objc; path = AboutViewController.m; sourceTree = "<group>"; };
		ABEC4DBA1ABD6898000CF27C /* ProfileViewController.h */ = {isa = PBXFileReference; fileEncoding = 4; lastKnownFileType = sourcecode.c.h; path = ProfileViewController.h; sourceTree = "<group>"; };
		ABEC4DBB1ABD6898000CF27C /* ProfileViewController.m */ = {isa = PBXFileReference; fileEncoding = 4; lastKnownFileType = sourcecode.c.objc; path = ProfileViewController.m; sourceTree = "<group>"; };
		ABEC4DBD1ABD6A12000CF27C /* BaseViewController.h */ = {isa = PBXFileReference; fileEncoding = 4; lastKnownFileType = sourcecode.c.h; path = BaseViewController.h; sourceTree = "<group>"; };
		ABEC4DBE1ABD6A12000CF27C /* BaseViewController.m */ = {isa = PBXFileReference; fileEncoding = 4; lastKnownFileType = sourcecode.c.objc; path = BaseViewController.m; sourceTree = "<group>"; };
		ABEC4DC21ABD801B000CF27C /* SellViewController.h */ = {isa = PBXFileReference; fileEncoding = 4; lastKnownFileType = sourcecode.c.h; path = SellViewController.h; sourceTree = "<group>"; };
		ABEC4DC31ABD801B000CF27C /* SellViewController.m */ = {isa = PBXFileReference; fileEncoding = 4; lastKnownFileType = sourcecode.c.objc; path = SellViewController.m; sourceTree = "<group>"; };
		ABEC4DC81ABD8188000CF27C /* BorderTextField.h */ = {isa = PBXFileReference; fileEncoding = 4; lastKnownFileType = sourcecode.c.h; path = BorderTextField.h; sourceTree = "<group>"; };
		ABEC4DC91ABD8188000CF27C /* BorderTextField.m */ = {isa = PBXFileReference; fileEncoding = 4; lastKnownFileType = sourcecode.c.objc; path = BorderTextField.m; sourceTree = "<group>"; };
/* End PBXFileReference section */

/* Begin PBXFrameworksBuildPhase section */
		1864BF021A4B1EA200EF5DD7 /* Frameworks */ = {
			isa = PBXFrameworksBuildPhase;
			buildActionMask = 2147483647;
			files = (
				185F4B411A677D84002D1D1A /* AddressBook.framework in Frameworks */,
				185F4B431A677D8B002D1D1A /* AssetsLibrary.framework in Frameworks */,
				185F4B451A677D94002D1D1A /* Foundation.framework in Frameworks */,
				185F4B4C1A677DB4002D1D1A /* CoreLocation.framework in Frameworks */,
				0D4213B81A64D6EA003F7F01 /* CoreMotion.framework in Frameworks */,
				185F4B4B1A677DB4002D1D1A /* CoreGraphics.framework in Frameworks */,
				185F4B4D1A677DB4002D1D1A /* CoreText.framework in Frameworks */,
				185F4B4F1A677DE3002D1D1A /* MediaPlayer.framework in Frameworks */,
				18A6B7C21A6564F60043E08A /* Security.framework in Frameworks */,
				18801F1D1A6A295F006D956B /* StoreKit.framework in Frameworks */,
				18A6B7C71A6566530043E08A /* SystemConfiguration.framework in Frameworks */,
				185F4B511A677E2E002D1D1A /* UIKit.framework in Frameworks */,
				18A6B7C91A6566BC0043E08A /* MobileCoreServices.framework in Frameworks */,
				18A6B7C51A6565EC0043E08A /* AudioToolbox.framework in Frameworks */,
				18A6B7C31A6565000043E08A /* Social.framework in Frameworks */,
				18A6B7C11A6564CC0043E08A /* libsqlite3.dylib in Frameworks */,
				18A6B7C01A6564B90043E08A /* AdSupport.framework in Frameworks */,
				18A6B7BF1A6564B30043E08A /* Accounts.framework in Frameworks */,
				1837DAF91A64F65E00C48A51 /* Parse.framework in Frameworks */,
				1837DAFA1A64F65E00C48A51 /* ParseCrashReporting.framework in Frameworks */,
				1837DAFB1A64F65E00C48A51 /* ParseFacebookUtils.framework in Frameworks */,
				183DDC6A1A644C460085F53C /* FacebookSDK.framework in Frameworks */,
				18801F281A6A57C4006D956B /* GoogleOpenSource.framework in Frameworks */,
				18801F251A6A57B7006D956B /* GooglePlus.framework in Frameworks */,
			);
			runOnlyForDeploymentPostprocessing = 0;
		};
		1864BF1B1A4B1EA300EF5DD7 /* Frameworks */ = {
			isa = PBXFrameworksBuildPhase;
			buildActionMask = 2147483647;
			files = (
				18801F291A6A57C4006D956B /* GoogleOpenSource.framework in Frameworks */,
				18801F261A6A57B7006D956B /* GooglePlus.framework in Frameworks */,
			);
			runOnlyForDeploymentPostprocessing = 0;
		};
/* End PBXFrameworksBuildPhase section */

/* Begin PBXGroup section */
		182E35F71A73A70300FA4378 /* CustomCells */ = {
			isa = PBXGroup;
			children = (
				185FDE061A73F72A00A452CE /* ProductCell */,
			);
			name = CustomCells;
			sourceTree = "<group>";
		};
		1837DB071A65230B00C48A51 /* ViewControllers */ = {
			isa = PBXGroup;
			children = (
				18A6B7CA1A657F420043E08A /* CreateAccountViewController.h */,
				18A6B7CB1A657F420043E08A /* CreateAccountViewController.m */,
				184962A41A6657B30054AFFE /* ProductListViewController.h */,
				184962A51A6657B30054AFFE /* ProductListViewController.m */,
				AB72F3371AB734D6003900E9 /* ProductDetailViewController.h */,
				AB72F3381AB734D6003900E9 /* ProductDetailViewController.m */,
				ABEC4DBD1ABD6A12000CF27C /* BaseViewController.h */,
				ABEC4DBE1ABD6A12000CF27C /* BaseViewController.m */,
			);
			name = ViewControllers;
			sourceTree = "<group>";
		};
		185FDE061A73F72A00A452CE /* ProductCell */ = {
			isa = PBXGroup;
			children = (
				AB7CB4C81AB1F0A20017E183 /* ProductHeaderView.h */,
				AB7CB4C91AB1F0A20017E183 /* ProductHeaderView.m */,
				AB7CB4CA1AB1F0A20017E183 /* ProductHeaderView.xib */,
				182E35FE1A73A7AB00FA4378 /* ProductTableViewCell.h */,
				182E35FF1A73A7AB00FA4378 /* ProductTableViewCell.m */,
				18BA5C571A736180002EBF83 /* ProductTableViewCell.xib */,
				185FDE071A73F7AD00A452CE /* Product.h */,
				185FDE081A73F7AD00A452CE /* Product.m */,
			);
			name = ProductCell;
			sourceTree = "<group>";
		};
		1864BEFC1A4B1EA200EF5DD7 = {
			isa = PBXGroup;
			children = (
				186D31991A5E7D49001CBED4 /* Frameworks */,
				1864BF071A4B1EA200EF5DD7 /* GopherCNYS */,
				1864BF211A4B1EA300EF5DD7 /* Gopher CnYSTests */,
				1864BF061A4B1EA200EF5DD7 /* Products */,
			);
			sourceTree = "<group>";
		};
		1864BF061A4B1EA200EF5DD7 /* Products */ = {
			isa = PBXGroup;
			children = (
				1864BF051A4B1EA200EF5DD7 /* GopherCNYS.app */,
				1864BF1E1A4B1EA300EF5DD7 /* GopherCNYSTests.xctest */,
			);
			name = Products;
			sourceTree = "<group>";
		};
		1864BF071A4B1EA200EF5DD7 /* GopherCNYS */ = {
			isa = PBXGroup;
			children = (
				AB8B709A1ABB388B0028DC47 /* ThirdParty */,
				182E35F71A73A70300FA4378 /* CustomCells */,
				AB6E34B11ABC6A9A00867CA3 /* ControllerSideMenu */,
				1837DB071A65230B00C48A51 /* ViewControllers */,
				1864BF0C1A4B1EA300EF5DD7 /* AppDelegate.h */,
				1864BF0D1A4B1EA300EF5DD7 /* AppDelegate.m */,
				1864BF0F1A4B1EA300EF5DD7 /* HomeViewController.h */,
				1864BF101A4B1EA300EF5DD7 /* HomeViewController.m */,
				1864BF121A4B1EA300EF5DD7 /* Main.storyboard */,
				1864BF151A4B1EA300EF5DD7 /* Images.xcassets */,
				1864BF171A4B1EA300EF5DD7 /* LaunchScreen.xib */,
				1864BF081A4B1EA200EF5DD7 /* Supporting Files */,
			);
			name = GopherCNYS;
			path = "Gopher CnYS";
			sourceTree = "<group>";
		};
		1864BF081A4B1EA200EF5DD7 /* Supporting Files */ = {
			isa = PBXGroup;
			children = (
				1864BF091A4B1EA300EF5DD7 /* Info.plist */,
				1864BF0A1A4B1EA300EF5DD7 /* main.m */,
			);
			name = "Supporting Files";
			sourceTree = "<group>";
		};
		1864BF211A4B1EA300EF5DD7 /* Gopher CnYSTests */ = {
			isa = PBXGroup;
			children = (
				1864BF241A4B1EA300EF5DD7 /* Gopher_CnYSTests.m */,
				1864BF221A4B1EA300EF5DD7 /* Supporting Files */,
			);
			path = "Gopher CnYSTests";
			sourceTree = "<group>";
		};
		1864BF221A4B1EA300EF5DD7 /* Supporting Files */ = {
			isa = PBXGroup;
			children = (
				1864BF231A4B1EA300EF5DD7 /* Info.plist */,
			);
			name = "Supporting Files";
			sourceTree = "<group>";
		};
		186D31991A5E7D49001CBED4 /* Frameworks */ = {
			isa = PBXGroup;
			children = (
				18801F2A1A6A57CE006D956B /* GooglePlus.bundle */,
				18801F271A6A57C4006D956B /* GoogleOpenSource.framework */,
				18801F241A6A57B7006D956B /* GooglePlus.framework */,
				18801F1C1A6A295F006D956B /* StoreKit.framework */,
				185F4B501A677E2E002D1D1A /* UIKit.framework */,
				185F4B4E1A677DE3002D1D1A /* MediaPlayer.framework */,
				185F4B461A677DB4002D1D1A /* CoreFoundation.framework */,
				185F4B471A677DB4002D1D1A /* CoreGraphics.framework */,
				185F4B481A677DB4002D1D1A /* CoreLocation.framework */,
				185F4B491A677DB4002D1D1A /* CoreText.framework */,
				185F4B441A677D94002D1D1A /* Foundation.framework */,
				185F4B421A677D8B002D1D1A /* AssetsLibrary.framework */,
				185F4B401A677D84002D1D1A /* AddressBook.framework */,
				18A6B7C81A6566BC0043E08A /* MobileCoreServices.framework */,
				18A6B7C61A6566530043E08A /* SystemConfiguration.framework */,
				18A6B7C41A6565EC0043E08A /* AudioToolbox.framework */,
				1837DB051A650DEE00C48A51 /* Accounts.framework */,
				1837DB031A650DE500C48A51 /* AdSupport.framework */,
				1837DB011A650DDD00C48A51 /* libsqlite3.dylib */,
				1837DAFF1A650DC000C48A51 /* Security.framework */,
				1837DAFD1A650DAE00C48A51 /* Social.framework */,
				1837DAF31A64F65E00C48A51 /* Bolts.framework */,
				1837DAF41A64F65E00C48A51 /* Parse.framework */,
				1837DAF51A64F65E00C48A51 /* ParseCrashReporting.framework */,
				1837DAF61A64F65E00C48A51 /* ParseFacebookUtils.framework */,
				1837DAF71A64F65E00C48A51 /* ParseUI.framework */,
				0D4213B71A64D6EA003F7F01 /* CoreMotion.framework */,
				183DDC691A644C460085F53C /* FacebookSDK.framework */,
			);
			name = Frameworks;
			sourceTree = "<group>";
		};
		AB519E351AC316ED008543B1 /* iCarousel */ = {
			isa = PBXGroup;
			children = (
				AB519E391AC31E70008543B1 /* FPCarouselNonXIBViewController.h */,
				AB519E3A1AC31E70008543B1 /* FPCarouselNonXIBViewController.m */,
			);
			path = iCarousel;
			sourceTree = "<group>";
		};
		AB6E34A71ABC69D900867CA3 /* RESideMenu */ = {
			isa = PBXGroup;
			children = (
				AB6E34A81ABC69D900867CA3 /* RECommonFunctions.h */,
				AB6E34A91ABC69D900867CA3 /* RECommonFunctions.m */,
				AB6E34AA1ABC69D900867CA3 /* RESideMenu.h */,
				AB6E34AB1ABC69D900867CA3 /* RESideMenu.m */,
				AB6E34AC1ABC69D900867CA3 /* UIViewController+RESideMenu.h */,
				AB6E34AD1ABC69D900867CA3 /* UIViewController+RESideMenu.m */,
			);
			path = RESideMenu;
			sourceTree = "<group>";
		};
		AB6E34B11ABC6A9A00867CA3 /* ControllerSideMenu */ = {
			isa = PBXGroup;
			children = (
				ABEC4DC11ABD6E2A000CF27C /* Content */,
				ABEC4DC01ABD6E0E000CF27C /* General */,
			);
			path = ControllerSideMenu;
			sourceTree = "<group>";
		};
		AB8B709A1ABB388B0028DC47 /* ThirdParty */ = {
			isa = PBXGroup;
			children = (
				ABA4F0D11AC4711E008915F7 /* CountryPicker */,
				ABA4F0C91AC46F9E008915F7 /* SBPickerSelector */,
				AB519E351AC316ED008543B1 /* iCarousel */,
				ABEC4DC51ABD8152000CF27C /* CustomView */,
				AB6E34A71ABC69D900867CA3 /* RESideMenu */,
				AB8B709D1ABB388B0028DC47 /* MBProgressHUD */,
			);
			path = ThirdParty;
			sourceTree = "<group>";
		};
		AB8B709D1ABB388B0028DC47 /* MBProgressHUD */ = {
			isa = PBXGroup;
			children = (
				AB8B709E1ABB388B0028DC47 /* MBProgressHUD.h */,
				AB8B709F1ABB388B0028DC47 /* MBProgressHUD.m */,
			);
			path = MBProgressHUD;
			sourceTree = "<group>";
		};
		ABA4F0C91AC46F9E008915F7 /* SBPickerSelector */ = {
			isa = PBXGroup;
			children = (
				ABA4F0CA1AC46F9E008915F7 /* Resources */,
				ABA4F0CC1AC46F9E008915F7 /* Source */,
			);
			path = SBPickerSelector;
			sourceTree = "<group>";
		};
		ABA4F0CA1AC46F9E008915F7 /* Resources */ = {
			isa = PBXGroup;
			children = (
				ABA4F0CB1AC46F9E008915F7 /* SBPickerSelector.xib */,
			);
			path = Resources;
			sourceTree = "<group>";
		};
		ABA4F0CC1AC46F9E008915F7 /* Source */ = {
			isa = PBXGroup;
			children = (
				ABA4F0CD1AC46F9E008915F7 /* SBPickerSelector.h */,
				ABA4F0CE1AC46F9E008915F7 /* SBPickerSelector.m */,
			);
			path = Source;
			sourceTree = "<group>";
		};
		ABA4F0D11AC4711E008915F7 /* CountryPicker */ = {
			isa = PBXGroup;
			children = (
				ABA4F0D21AC4711E008915F7 /* CountryPicker.bundle */,
				ABA4F0D31AC4711E008915F7 /* CountryPicker.h */,
				ABA4F0D41AC4711E008915F7 /* CountryPicker.m */,
			);
			path = CountryPicker;
			sourceTree = "<group>";
		};
		ABEC4DC01ABD6E0E000CF27C /* General */ = {
			isa = PBXGroup;
			children = (
				AB6E34B41ABC6A9A00867CA3 /* LeftMenuViewController.h */,
				AB6E34B51ABC6A9A00867CA3 /* LeftMenuViewController.m */,
				AB6E34B61ABC6A9A00867CA3 /* RightMenuViewController.h */,
				AB6E34B71ABC6A9A00867CA3 /* RightMenuViewController.m */,
				AB6E34B81ABC6A9A00867CA3 /* RootViewController.h */,
				AB6E34B91ABC6A9A00867CA3 /* RootViewController.m */,
			);
			name = General;
			sourceTree = "<group>";
		};
		ABEC4DC11ABD6E2A000CF27C /* Content */ = {
			isa = PBXGroup;
			children = (
				ABEC4DC21ABD801B000CF27C /* SellViewController.h */,
				ABEC4DC31ABD801B000CF27C /* SellViewController.m */,
				ABEC4DBA1ABD6898000CF27C /* ProfileViewController.h */,
				ABEC4DBB1ABD6898000CF27C /* ProfileViewController.m */,
				ABEC4DB71ABD6719000CF27C /* AboutViewController.h */,
				ABEC4DB81ABD6719000CF27C /* AboutViewController.m */,
				AB6E34BA1ABC6A9A00867CA3 /* MessagesViewController.h */,
				AB6E34BB1ABC6A9A00867CA3 /* MessagesViewController.m */,
			);
			name = Content;
			sourceTree = "<group>";
		};
		ABEC4DC51ABD8152000CF27C /* CustomView */ = {
			isa = PBXGroup;
			children = (
				ABEC4DC81ABD8188000CF27C /* BorderTextField.h */,
				ABEC4DC91ABD8188000CF27C /* BorderTextField.m */,
			);
			path = CustomView;
			sourceTree = "<group>";
		};
/* End PBXGroup section */

/* Begin PBXNativeTarget section */
		1864BF041A4B1EA200EF5DD7 /* GopherCNYS */ = {
			isa = PBXNativeTarget;
			buildConfigurationList = 1864BF281A4B1EA300EF5DD7 /* Build configuration list for PBXNativeTarget "GopherCNYS" */;
			buildPhases = (
				1864BF011A4B1EA200EF5DD7 /* Sources */,
				1864BF021A4B1EA200EF5DD7 /* Frameworks */,
				1864BF031A4B1EA200EF5DD7 /* Resources */,
			);
			buildRules = (
			);
			dependencies = (
			);
			name = GopherCNYS;
			productName = "Gopher CnYS";
			productReference = 1864BF051A4B1EA200EF5DD7 /* GopherCNYS.app */;
			productType = "com.apple.product-type.application";
		};
		1864BF1D1A4B1EA300EF5DD7 /* GopherCNYSTests */ = {
			isa = PBXNativeTarget;
			buildConfigurationList = 1864BF2B1A4B1EA300EF5DD7 /* Build configuration list for PBXNativeTarget "GopherCNYSTests" */;
			buildPhases = (
				1864BF1A1A4B1EA300EF5DD7 /* Sources */,
				1864BF1B1A4B1EA300EF5DD7 /* Frameworks */,
				1864BF1C1A4B1EA300EF5DD7 /* Resources */,
			);
			buildRules = (
			);
			dependencies = (
				1864BF201A4B1EA300EF5DD7 /* PBXTargetDependency */,
			);
			name = GopherCNYSTests;
			productName = "Gopher CnYSTests";
			productReference = 1864BF1E1A4B1EA300EF5DD7 /* GopherCNYSTests.xctest */;
			productType = "com.apple.product-type.bundle.unit-test";
		};
/* End PBXNativeTarget section */

/* Begin PBXProject section */
		1864BEFD1A4B1EA200EF5DD7 /* Project object */ = {
			isa = PBXProject;
			attributes = {
				LastUpgradeCheck = 0610;
				ORGANIZATIONNAME = cnys;
				TargetAttributes = {
					1864BF041A4B1EA200EF5DD7 = {
						CreatedOnToolsVersion = 6.0.1;
						DevelopmentTeam = HSVZWC667Z;
					};
					1864BF1D1A4B1EA300EF5DD7 = {
						CreatedOnToolsVersion = 6.0.1;
						TestTargetID = 1864BF041A4B1EA200EF5DD7;
					};
				};
			};
			buildConfigurationList = 1864BF001A4B1EA200EF5DD7 /* Build configuration list for PBXProject "GopherCNYS" */;
			compatibilityVersion = "Xcode 3.2";
			developmentRegion = English;
			hasScannedForEncodings = 0;
			knownRegions = (
				en,
				Base,
			);
			mainGroup = 1864BEFC1A4B1EA200EF5DD7;
			productRefGroup = 1864BF061A4B1EA200EF5DD7 /* Products */;
			projectDirPath = "";
			projectRoot = "";
			targets = (
				1864BF041A4B1EA200EF5DD7 /* GopherCNYS */,
				1864BF1D1A4B1EA300EF5DD7 /* GopherCNYSTests */,
			);
		};
/* End PBXProject section */

/* Begin PBXResourcesBuildPhase section */
		1864BF031A4B1EA200EF5DD7 /* Resources */ = {
			isa = PBXResourcesBuildPhase;
			buildActionMask = 2147483647;
			files = (
				1864BF141A4B1EA300EF5DD7 /* Main.storyboard in Resources */,
				1864BF191A4B1EA300EF5DD7 /* LaunchScreen.xib in Resources */,
				18BA5C581A736180002EBF83 /* ProductTableViewCell.xib in Resources */,
				ABA4F0CF1AC46F9E008915F7 /* SBPickerSelector.xib in Resources */,
				18801F2B1A6A57CE006D956B /* GooglePlus.bundle in Resources */,
				1864BF161A4B1EA300EF5DD7 /* Images.xcassets in Resources */,
				ABA4F0D51AC4711E008915F7 /* CountryPicker.bundle in Resources */,
				AB7CB4CC1AB1F0A20017E183 /* ProductHeaderView.xib in Resources */,
			);
			runOnlyForDeploymentPostprocessing = 0;
		};
		1864BF1C1A4B1EA300EF5DD7 /* Resources */ = {
			isa = PBXResourcesBuildPhase;
			buildActionMask = 2147483647;
			files = (
				18801F2C1A6A57CE006D956B /* GooglePlus.bundle in Resources */,
			);
			runOnlyForDeploymentPostprocessing = 0;
		};
/* End PBXResourcesBuildPhase section */

/* Begin PBXSourcesBuildPhase section */
		1864BF011A4B1EA200EF5DD7 /* Sources */ = {
			isa = PBXSourcesBuildPhase;
			buildActionMask = 2147483647;
			files = (
				ABA4F0D61AC4711E008915F7 /* CountryPicker.m in Sources */,
				1864BF111A4B1EA300EF5DD7 /* HomeViewController.m in Sources */,
				AB72F3391AB734D6003900E9 /* ProductDetailViewController.m in Sources */,
				18A6B7CC1A657F420043E08A /* CreateAccountViewController.m in Sources */,
				ABEC4DBC1ABD6898000CF27C /* ProfileViewController.m in Sources */,
				185FDE091A73F7AD00A452CE /* Product.m in Sources */,
				1864BF0E1A4B1EA300EF5DD7 /* AppDelegate.m in Sources */,
				ABEC4DB91ABD6719000CF27C /* AboutViewController.m in Sources */,
				AB519E3B1AC31E70008543B1 /* FPCarouselNonXIBViewController.m in Sources */,
				AB6E34B01ABC69D900867CA3 /* UIViewController+RESideMenu.m in Sources */,
				ABA4F0D01AC46F9E008915F7 /* SBPickerSelector.m in Sources */,
				ABEC4DC41ABD801B000CF27C /* SellViewController.m in Sources */,
				AB6E34AF1ABC69D900867CA3 /* RESideMenu.m in Sources */,
				AB7CB4CB1AB1F0A20017E183 /* ProductHeaderView.m in Sources */,
				AB8B70A11ABB388B0028DC47 /* MBProgressHUD.m in Sources */,
				AB6E34AE1ABC69D900867CA3 /* RECommonFunctions.m in Sources */,
				ABEC4DBF1ABD6A12000CF27C /* BaseViewController.m in Sources */,
				AB6E34BE1ABC6A9A00867CA3 /* RightMenuViewController.m in Sources */,
				AB6E34BD1ABC6A9A00867CA3 /* LeftMenuViewController.m in Sources */,
				182E36001A73A7AB00FA4378 /* ProductTableViewCell.m in Sources */,
				ABEC4DCA1ABD8188000CF27C /* BorderTextField.m in Sources */,
				184962A61A6657B30054AFFE /* ProductListViewController.m in Sources */,
				AB6E34C01ABC6A9A00867CA3 /* MessagesViewController.m in Sources */,
				1864BF0B1A4B1EA300EF5DD7 /* main.m in Sources */,
				AB6E34BF1ABC6A9A00867CA3 /* RootViewController.m in Sources */,
			);
			runOnlyForDeploymentPostprocessing = 0;
		};
		1864BF1A1A4B1EA300EF5DD7 /* Sources */ = {
			isa = PBXSourcesBuildPhase;
			buildActionMask = 2147483647;
			files = (
				1864BF251A4B1EA300EF5DD7 /* Gopher_CnYSTests.m in Sources */,
			);
			runOnlyForDeploymentPostprocessing = 0;
		};
/* End PBXSourcesBuildPhase section */

/* Begin PBXTargetDependency section */
		1864BF201A4B1EA300EF5DD7 /* PBXTargetDependency */ = {
			isa = PBXTargetDependency;
			target = 1864BF041A4B1EA200EF5DD7 /* GopherCNYS */;
			targetProxy = 1864BF1F1A4B1EA300EF5DD7 /* PBXContainerItemProxy */;
		};
/* End PBXTargetDependency section */

/* Begin PBXVariantGroup section */
		1864BF121A4B1EA300EF5DD7 /* Main.storyboard */ = {
			isa = PBXVariantGroup;
			children = (
				1864BF131A4B1EA300EF5DD7 /* Base */,
			);
			name = Main.storyboard;
			sourceTree = "<group>";
		};
		1864BF171A4B1EA300EF5DD7 /* LaunchScreen.xib */ = {
			isa = PBXVariantGroup;
			children = (
				1864BF181A4B1EA300EF5DD7 /* Base */,
			);
			name = LaunchScreen.xib;
			sourceTree = "<group>";
		};
/* End PBXVariantGroup section */

/* Begin XCBuildConfiguration section */
		1864BF261A4B1EA300EF5DD7 /* Debug */ = {
			isa = XCBuildConfiguration;
			buildSettings = {
				ALWAYS_SEARCH_USER_PATHS = NO;
				CLANG_CXX_LANGUAGE_STANDARD = "gnu++0x";
				CLANG_CXX_LIBRARY = "libc++";
				CLANG_ENABLE_MODULES = YES;
				CLANG_ENABLE_OBJC_ARC = YES;
				CLANG_WARN_BOOL_CONVERSION = YES;
				CLANG_WARN_CONSTANT_CONVERSION = YES;
				CLANG_WARN_DIRECT_OBJC_ISA_USAGE = YES_ERROR;
				CLANG_WARN_EMPTY_BODY = YES;
				CLANG_WARN_ENUM_CONVERSION = YES;
				CLANG_WARN_INT_CONVERSION = YES;
				CLANG_WARN_OBJC_ROOT_CLASS = YES_ERROR;
				CLANG_WARN_UNREACHABLE_CODE = YES;
				CLANG_WARN__DUPLICATE_METHOD_MATCH = YES;
				"CODE_SIGN_IDENTITY[sdk=iphoneos*]" = "iPhone Developer";
				COPY_PHASE_STRIP = NO;
				ENABLE_STRICT_OBJC_MSGSEND = YES;
				GCC_C_LANGUAGE_STANDARD = gnu99;
				GCC_DYNAMIC_NO_PIC = NO;
				GCC_OPTIMIZATION_LEVEL = 0;
				GCC_PREPROCESSOR_DEFINITIONS = (
					"DEBUG=1",
					"$(inherited)",
				);
				GCC_SYMBOLS_PRIVATE_EXTERN = NO;
				GCC_WARN_64_TO_32_BIT_CONVERSION = YES;
				GCC_WARN_ABOUT_RETURN_TYPE = YES_ERROR;
				GCC_WARN_UNDECLARED_SELECTOR = YES;
				GCC_WARN_UNINITIALIZED_AUTOS = YES_AGGRESSIVE;
				GCC_WARN_UNUSED_FUNCTION = YES;
				GCC_WARN_UNUSED_VARIABLE = YES;
				IPHONEOS_DEPLOYMENT_TARGET = 8.0;
				MTL_ENABLE_DEBUG_INFO = YES;
				ONLY_ACTIVE_ARCH = YES;
				OTHER_LDFLAGS = "";
				SDKROOT = iphoneos;
			};
			name = Debug;
		};
		1864BF271A4B1EA300EF5DD7 /* Release */ = {
			isa = XCBuildConfiguration;
			buildSettings = {
				ALWAYS_SEARCH_USER_PATHS = NO;
				CLANG_CXX_LANGUAGE_STANDARD = "gnu++0x";
				CLANG_CXX_LIBRARY = "libc++";
				CLANG_ENABLE_MODULES = YES;
				CLANG_ENABLE_OBJC_ARC = YES;
				CLANG_WARN_BOOL_CONVERSION = YES;
				CLANG_WARN_CONSTANT_CONVERSION = YES;
				CLANG_WARN_DIRECT_OBJC_ISA_USAGE = YES_ERROR;
				CLANG_WARN_EMPTY_BODY = YES;
				CLANG_WARN_ENUM_CONVERSION = YES;
				CLANG_WARN_INT_CONVERSION = YES;
				CLANG_WARN_OBJC_ROOT_CLASS = YES_ERROR;
				CLANG_WARN_UNREACHABLE_CODE = YES;
				CLANG_WARN__DUPLICATE_METHOD_MATCH = YES;
				CODE_SIGN_IDENTITY = "iPhone Developer: Tien Vu (D3UG454RD3)";
				"CODE_SIGN_IDENTITY[sdk=iphoneos*]" = "iPhone Developer";
				COPY_PHASE_STRIP = YES;
				ENABLE_NS_ASSERTIONS = NO;
				ENABLE_STRICT_OBJC_MSGSEND = YES;
				GCC_C_LANGUAGE_STANDARD = gnu99;
				GCC_WARN_64_TO_32_BIT_CONVERSION = YES;
				GCC_WARN_ABOUT_RETURN_TYPE = YES_ERROR;
				GCC_WARN_UNDECLARED_SELECTOR = YES;
				GCC_WARN_UNINITIALIZED_AUTOS = YES_AGGRESSIVE;
				GCC_WARN_UNUSED_FUNCTION = YES;
				GCC_WARN_UNUSED_VARIABLE = YES;
				IPHONEOS_DEPLOYMENT_TARGET = 8.0;
				MTL_ENABLE_DEBUG_INFO = NO;
				ONLY_ACTIVE_ARCH = NO;
				OTHER_LDFLAGS = "";
				PROVISIONING_PROFILE = "77bf2d32-755f-460d-a82b-ddbb3e5c9f6c";
				SDKROOT = iphoneos;
				VALIDATE_PRODUCT = YES;
			};
			name = Release;
		};
		1864BF291A4B1EA300EF5DD7 /* Debug */ = {
			isa = XCBuildConfiguration;
			buildSettings = {
				ASSETCATALOG_COMPILER_APPICON_NAME = AppIcon;
				CODE_SIGN_IDENTITY = "iPhone Developer: Tien Vu (D3UG454RD3)";
				"CODE_SIGN_IDENTITY[sdk=iphoneos*]" = "iPhone Developer: Tien Vu (D3UG454RD3)";
				FRAMEWORK_SEARCH_PATHS = (
					"$(inherited)",
					"$(PROJECT_DIR)",
					"$(PROJECT_DIR)/GooglePlus",
				);
				INFOPLIST_FILE = "Gopher CnYS/Info.plist";
				IPHONEOS_DEPLOYMENT_TARGET = 7.1;
				LD_RUNPATH_SEARCH_PATHS = "$(inherited) @executable_path/Frameworks";
				ONLY_ACTIVE_ARCH = NO;
				OTHER_LDFLAGS = "";
				PRODUCT_NAME = GopherCNYS;
				PROVISIONING_PROFILE = "504b125b-e053-4c8a-a7ba-44e109e667e6";
				TARGETED_DEVICE_FAMILY = 1;
				VALID_ARCHS = "armv7 armv7s arm64";
			};
			name = Debug;
		};
		1864BF2A1A4B1EA300EF5DD7 /* Release */ = {
			isa = XCBuildConfiguration;
			buildSettings = {
				ASSETCATALOG_COMPILER_APPICON_NAME = AppIcon;
				CODE_SIGN_IDENTITY = "iPhone Developer: Tien Vu (D3UG454RD3)";
				"CODE_SIGN_IDENTITY[sdk=iphoneos*]" = "iPhone Developer: Tien Vu (D3UG454RD3)";
				FRAMEWORK_SEARCH_PATHS = (
					"$(inherited)",
					"$(PROJECT_DIR)",
					"$(PROJECT_DIR)/GooglePlus",
				);
				INFOPLIST_FILE = "Gopher CnYS/Info.plist";
				IPHONEOS_DEPLOYMENT_TARGET = 7.1;
				LD_RUNPATH_SEARCH_PATHS = "$(inherited) @executable_path/Frameworks";
				ONLY_ACTIVE_ARCH = NO;
				OTHER_LDFLAGS = "";
				PRODUCT_NAME = GopherCNYS;
				PROVISIONING_PROFILE = "504b125b-e053-4c8a-a7ba-44e109e667e6";
				TARGETED_DEVICE_FAMILY = 1;
				VALID_ARCHS = "armv7 armv7s arm64";
			};
			name = Release;
		};
		1864BF2C1A4B1EA300EF5DD7 /* Debug */ = {
			isa = XCBuildConfiguration;
			buildSettings = {
				BUNDLE_LOADER = "$(TEST_HOST)";
				FRAMEWORK_SEARCH_PATHS = (
					"$(SDKROOT)/Developer/Library/Frameworks",
					"$(inherited)",
					"$(PROJECT_DIR)",
				);
				GCC_PREPROCESSOR_DEFINITIONS = (
					"DEBUG=1",
					"$(inherited)",
				);
				INFOPLIST_FILE = "Gopher CnYSTests/Info.plist";
				LD_RUNPATH_SEARCH_PATHS = "$(inherited) @executable_path/Frameworks @loader_path/Frameworks";
				PRODUCT_NAME = GopherCNYSTests;
				TEST_HOST = "$(BUILT_PRODUCTS_DIR)/Gopher CnYS.app/Gopher CnYS";
			};
			name = Debug;
		};
		1864BF2D1A4B1EA300EF5DD7 /* Release */ = {
			isa = XCBuildConfiguration;
			buildSettings = {
				BUNDLE_LOADER = "$(TEST_HOST)";
				FRAMEWORK_SEARCH_PATHS = (
					"$(SDKROOT)/Developer/Library/Frameworks",
					"$(inherited)",
					"$(PROJECT_DIR)",
				);
				INFOPLIST_FILE = "Gopher CnYSTests/Info.plist";
				LD_RUNPATH_SEARCH_PATHS = "$(inherited) @executable_path/Frameworks @loader_path/Frameworks";
				PRODUCT_NAME = GopherCNYSTests;
				TEST_HOST = "$(BUILT_PRODUCTS_DIR)/Gopher CnYS.app/Gopher CnYS";
			};
			name = Release;
		};
/* End XCBuildConfiguration section */

/* Begin XCConfigurationList section */
		1864BF001A4B1EA200EF5DD7 /* Build configuration list for PBXProject "GopherCNYS" */ = {
			isa = XCConfigurationList;
			buildConfigurations = (
				1864BF261A4B1EA300EF5DD7 /* Debug */,
				1864BF271A4B1EA300EF5DD7 /* Release */,
			);
			defaultConfigurationIsVisible = 0;
			defaultConfigurationName = Release;
		};
		1864BF281A4B1EA300EF5DD7 /* Build configuration list for PBXNativeTarget "GopherCNYS" */ = {
			isa = XCConfigurationList;
			buildConfigurations = (
				1864BF291A4B1EA300EF5DD7 /* Debug */,
				1864BF2A1A4B1EA300EF5DD7 /* Release */,
			);
			defaultConfigurationIsVisible = 0;
			defaultConfigurationName = Release;
		};
		1864BF2B1A4B1EA300EF5DD7 /* Build configuration list for PBXNativeTarget "GopherCNYSTests" */ = {
			isa = XCConfigurationList;
			buildConfigurations = (
				1864BF2C1A4B1EA300EF5DD7 /* Debug */,
				1864BF2D1A4B1EA300EF5DD7 /* Release */,
			);
			defaultConfigurationIsVisible = 0;
			defaultConfigurationName = Release;
		};
/* End XCConfigurationList section */
	};
	rootObject = 1864BEFD1A4B1EA200EF5DD7 /* Project object */;
}
